
Microsoft Visual Studio Solution File, Format Version 12.00
# Visual Studio Version 16
VisualStudioVersion = 16.0.31129.286
MinimumVisualStudioVersion = 10.0.40219.1
Project("{8BC9CEB8-8B4A-11D0-8D11-00A0C91BC942}") = "Lab 3 v2", "Lab 3 v2.vcxproj", "{51A5B100-97CE-408F-BC8E-81C7BF69B62C}"
EndProject
Global
	GlobalSection(SolutionConfigurationPlatforms) = preSolution
		Debug|x64 = Debug|x64
		Debug|x86 = Debug|x86
		Release|x64 = Release|x64
		Release|x86 = Release|x86
	EndGlobalSection
	GlobalSection(ProjectConfigurationPlatforms) = postSolution
		{51A5B100-97CE-408F-BC8E-81C7BF69B62C}.Debug|x64.ActiveCfg = Debug|x64
		{51A5B100-97CE-408F-BC8E-81C7BF69B62C}.Debug|x64.Build.0 = Debug|x64
		{51A5B100-97CE-408F-BC8E-81C7BF69B62C}.Debug|x86.ActiveCfg = Debug|Win32
		{51A5B100-97CE-408F-BC8E-81C7BF69B62C}.Debug|x86.Build.0 = Debug|Win32
		{51A5B100-97CE-408F-BC8E-81C7BF69B62C}.Release|x64.ActiveCfg = Release|x64
		{51A5B100-97CE-408F-BC8E-81C7BF69B62C}.Release|x64.Build.0 = Release|x64
		{51A5B100-97CE-408F-BC8E-81C7BF69B62C}.Release|x86.ActiveCfg = Release|Win32
		{51A5B100-97CE-408F-BC8E-81C7BF69B62C}.Release|x86.Build.0 = Release|Win32
	EndGlobalSection
	GlobalSection(SolutionProperties) = preSolution
		HideSolutionNode = FALSE
	EndGlobalSection
	GlobalSection(ExtensibilityGlobals) = postSolution
		SolutionGuid = {88DC14CC-BE9C-4E38-959A-87C994C20576}
	EndGlobalSection
EndGlobal
